{
  "pins" : [
    {
      "identity" : "bip39.swift",
      "kind" : "remoteSourceControl",
      "location" : "https://github.com/tesseract-one/Bip39.swift.git",
      "state" : {
        "revision" : "bb2b82539d685e1457493b695cdc8e4dcff97c92",
        "version" : "0.2.0"
      }
    },
    {
      "identity" : "blake2.swift",
      "kind" : "remoteSourceControl",
      "location" : "https://github.com/tesseract-one/Blake2.swift.git",
      "state" : {
        "revision" : "29c55c8fe42d6661e5a32cc5bbbad1fff64fd01e",
        "version" : "0.2.0"
      }
    },
    {
      "identity" : "contextcodable.swift",
      "kind" : "remoteSourceControl",
      "location" : "https://github.com/tesseract-one/ContextCodable.swift.git",
      "state" : {
        "revision" : "e12448acef4c7be091d3a5f2784ebfa52140aef6",
        "version" : "0.1.1"
      }
    },
    {
      "identity" : "csecp256k1.swift",
      "kind" : "remoteSourceControl",
      "location" : "https://github.com/tesseract-one/CSecp256k1.swift.git",
      "state" : {
        "revision" : "cfbd6f540d5084bc96a60af841121472fbe725a3",
        "version" : "0.2.0"
      }
    },
    {
      "identity" : "jsonrpc.swift",
      "kind" : "remoteSourceControl",
      "location" : "https://github.com/tesseract-one/JsonRPC.swift.git",
      "state" : {
        "revision" : "d9df3ff3afaefa82cc7d8ca813a1795755197079",
        "version" : "0.2.3"
      }
    },
    {
      "identity" : "numberick",
      "kind" : "remoteSourceControl",
      "location" : "https://github.com/oscbyspro/Numberick.git",
      "state" : {
        "revision" : "d3b894da495e8660555051b614d8ccc44725f553",
        "version" : "0.15.0"
      }
    },
    {
      "identity" : "scalecodec.swift",
      "kind" : "remoteSourceControl",
      "location" : "https://github.com/tesseract-one/ScaleCodec.swift.git",
      "state" : {
        "revision" : "af241cfa8491ac0312ff89ff0389c09879d41a74",
        "version" : "0.3.1"
      }
    },
    {
      "identity" : "serializable.swift",
      "kind" : "remoteSourceControl",
      "location" : "https://github.com/tesseract-one/Serializable.swift.git",
      "state" : {
        "revision" : "55b6a16213627d20b2943f6969c2f61c8b1066ec",
        "version" : "0.3.1"
      }
    },
    {
      "identity" : "sr25519.swift",
      "kind" : "remoteSourceControl",
      "location" : "https://github.com/tesseract-one/Sr25519.swift.git",
      "state" : {
        "revision" : "30dd8cdedf32970036a84212112313dbf91f56f0",
        "version" : "0.2.0"
      }
    },
    {
      "identity" : "substrate.swift",
      "kind" : "remoteSourceControl",
      "location" : "https://github.com/tesseract-one/Substrate.swift.git",
      "state" : {
        "branch" : "main",
        "revision" : "18bbdb4c180aaf862ac0165c9822fac2ece7aa9d"
      }
    },
    {
      "identity" : "tuples.swift",
      "kind" : "remoteSourceControl",
      "location" : "https://github.com/tesseract-one/Tuples.swift.git",
      "state" : {
        "revision" : "4d2cf7c64443cdf4df833d0bedd767bf9dbc49d9",
        "version" : "0.1.3"
      }
    },
    {
      "identity" : "uncommoncrypto.swift",
      "kind" : "remoteSourceControl",
      "location" : "https://github.com/tesseract-one/UncommonCrypto.swift.git",
      "state" : {
        "revision" : "075344faec47dadba98bef6a319e310c98be0820",
        "version" : "0.2.1"
      }
    },
    {
      "identity" : "xxhash.swift",
      "kind" : "remoteSourceControl",
      "location" : "https://github.com/tesseract-one/xxHash.swift.git",
      "state" : {
        "revision" : "6da8ccfacc312498a0c03515fdf820b7aeae49d5",
        "version" : "0.1.0"
      }
    }
  ],
  "version" : 2
}
